// !$*UTF8*$!
{
	archiveVersion = 1;
	classes = {
	};
	objectVersion = 56;
	objects = {

/* Begin PBXBuildFile section */
		37E32B0D2A2B61ED006F6582 /* Local_BrandsApp.swift in Sources */ = {isa = PBXBuildFile; fileRef = 37E32B0C2A2B61ED006F6582 /* Local_BrandsApp.swift */; };
		37E32B0F2A2B61ED006F6582 /* ContentView.swift in Sources */ = {isa = PBXBuildFile; fileRef = 37E32B0E2A2B61ED006F6582 /* ContentView.swift */; };
		37E32B112A2B61EE006F6582 /* Assets.xcassets in Resources */ = {isa = PBXBuildFile; fileRef = 37E32B102A2B61EE006F6582 /* Assets.xcassets */; };
		37E32B142A2B61EE006F6582 /* Preview Assets.xcassets in Resources */ = {isa = PBXBuildFile; fileRef = 37E32B132A2B61EE006F6582 /* Preview Assets.xcassets */; };
		37E32B202A2B6513006F6582 /* Sign in.swift in Sources */ = {isa = PBXBuildFile; fileRef = 37E32B1F2A2B6513006F6582 /* Sign in.swift */; };
		37E32B222A2B6521006F6582 /* Edit.swift in Sources */ = {isa = PBXBuildFile; fileRef = 37E32B212A2B6521006F6582 /* Edit.swift */; };
		37E32B242A2B653B006F6582 /* ImagePicker.swift in Sources */ = {isa = PBXBuildFile; fileRef = 37E32B232A2B653B006F6582 /* ImagePicker.swift */; };
		37E32B262A2B654E006F6582 /* SearchBar.swift in Sources */ = {isa = PBXBuildFile; fileRef = 37E32B252A2B654E006F6582 /* SearchBar.swift */; };
		37E32B282A2B6567006F6582 /* ProfileHeader.swift in Sources */ = {isa = PBXBuildFile; fileRef = 37E32B272A2B6567006F6582 /* ProfileHeader.swift */; };
		37E32B2A2A2B6572006F6582 /* PostCell.swift in Sources */ = {isa = PBXBuildFile; fileRef = 37E32B292A2B6572006F6582 /* PostCell.swift */; };
		37E32B2C2A2B6582006F6582 /* add post.swift in Sources */ = {isa = PBXBuildFile; fileRef = 37E32B2B2A2B6582006F6582 /* add post.swift */; };
		37E32B2E2A2B658C006F6582 /* share.swift in Sources */ = {isa = PBXBuildFile; fileRef = 37E32B2D2A2B658C006F6582 /* share.swift */; };
		37E32B302A2B65A4006F6582 /* See More Details.swift in Sources */ = {isa = PBXBuildFile; fileRef = 37E32B2F2A2B65A4006F6582 /* See More Details.swift */; };
		37E32B322A2B65B2006F6582 /* button camera.swift in Sources */ = {isa = PBXBuildFile; fileRef = 37E32B312A2B65B2006F6582 /* button camera.swift */; };
		37E32B342A2B65D7006F6582 /* Post.swift in Sources */ = {isa = PBXBuildFile; fileRef = 37E32B332A2B65D7006F6582 /* Post.swift */; };
		37E32B362A2B65ED006F6582 /* PostViewModel.swift in Sources */ = {isa = PBXBuildFile; fileRef = 37E32B352A2B65ED006F6582 /* PostViewModel.swift */; };
		37E32B392A2B676A006F6582 /* ASCollectionView in Frameworks */ = {isa = PBXBuildFile; productRef = 37E32B382A2B676A006F6582 /* ASCollectionView */; };
/* End PBXBuildFile section */

/* Begin PBXFileReference section */
		37E32B092A2B61ED006F6582 /* Local_Brands.app */ = {isa = PBXFileReference; explicitFileType = wrapper.application; includeInIndex = 0; path = Local_Brands.app; sourceTree = BUILT_PRODUCTS_DIR; };
		37E32B0C2A2B61ED006F6582 /* Local_BrandsApp.swift */ = {isa = PBXFileReference; lastKnownFileType = sourcecode.swift; path = Local_BrandsApp.swift; sourceTree = "<group>"; };
		37E32B0E2A2B61ED006F6582 /* ContentView.swift */ = {isa = PBXFileReference; lastKnownFileType = sourcecode.swift; path = ContentView.swift; sourceTree = "<group>"; };
		37E32B102A2B61EE006F6582 /* Assets.xcassets */ = {isa = PBXFileReference; lastKnownFileType = folder.assetcatalog; path = Assets.xcassets; sourceTree = "<group>"; };
		37E32B132A2B61EE006F6582 /* Preview Assets.xcassets */ = {isa = PBXFileReference; lastKnownFileType = folder.assetcatalog; path = "Preview Assets.xcassets"; sourceTree = "<group>"; };
		37E32B1F2A2B6513006F6582 /* Sign in.swift */ = {isa = PBXFileReference; lastKnownFileType = sourcecode.swift; path = "Sign in.swift"; sourceTree = "<group>"; };
		37E32B212A2B6521006F6582 /* Edit.swift */ = {isa = PBXFileReference; lastKnownFileType = sourcecode.swift; path = Edit.swift; sourceTree = "<group>"; };
		37E32B232A2B653B006F6582 /* ImagePicker.swift */ = {isa = PBXFileReference; lastKnownFileType = sourcecode.swift; path = ImagePicker.swift; sourceTree = "<group>"; };
		37E32B252A2B654E006F6582 /* SearchBar.swift */ = {isa = PBXFileReference; lastKnownFileType = sourcecode.swift; path = SearchBar.swift; sourceTree = "<group>"; };
		37E32B272A2B6567006F6582 /* ProfileHeader.swift */ = {isa = PBXFileReference; lastKnownFileType = sourcecode.swift; path = ProfileHeader.swift; sourceTree = "<group>"; };
		37E32B292A2B6572006F6582 /* PostCell.swift */ = {isa = PBXFileReference; lastKnownFileType = sourcecode.swift; path = PostCell.swift; sourceTree = "<group>"; };
		37E32B2B2A2B6582006F6582 /* add post.swift */ = {isa = PBXFileReference; lastKnownFileType = sourcecode.swift; path = "add post.swift"; sourceTree = "<group>"; };
		37E32B2D2A2B658C006F6582 /* share.swift */ = {isa = PBXFileReference; lastKnownFileType = sourcecode.swift; path = share.swift; sourceTree = "<group>"; };
		37E32B2F2A2B65A4006F6582 /* See More Details.swift */ = {isa = PBXFileReference; lastKnownFileType = sourcecode.swift; path = "See More Details.swift"; sourceTree = "<group>"; };
		37E32B312A2B65B2006F6582 /* button camera.swift */ = {isa = PBXFileReference; lastKnownFileType = sourcecode.swift; path = "button camera.swift"; sourceTree = "<group>"; };
		37E32B332A2B65D7006F6582 /* Post.swift */ = {isa = PBXFileReference; lastKnownFileType = sourcecode.swift; path = Post.swift; sourceTree = "<group>"; };
		37E32B352A2B65ED006F6582 /* PostViewModel.swift */ = {isa = PBXFileReference; lastKnownFileType = sourcecode.swift; path = PostViewModel.swift; sourceTree = "<group>"; };
/* End PBXFileReference section */

/* Begin PBXFrameworksBuildPhase section */
		37E32B062A2B61ED006F6582 /* Frameworks */ = {
			isa = PBXFrameworksBuildPhase;
			buildActionMask = 2147483647;
			files = (
				37E32B392A2B676A006F6582 /* ASCollectionView in Frameworks */,
			);
			runOnlyForDeploymentPostprocessing = 0;
		};
/* End PBXFrameworksBuildPhase section */

/* Begin PBXGroup section */
		37E32B002A2B61ED006F6582 = {
			isa = PBXGroup;
			children = (
				37E32B0B2A2B61ED006F6582 /* Local_Brands */,
				37E32B0A2A2B61ED006F6582 /* Products */,
			);
			sourceTree = "<group>";
		};
		37E32B0A2A2B61ED006F6582 /* Products */ = {
			isa = PBXGroup;
			children = (
				37E32B092A2B61ED006F6582 /* Local_Brands.app */,
			);
			name = Products;
			sourceTree = "<group>";
		};
		37E32B0B2A2B61ED006F6582 /* Local_Brands */ = {
			isa = PBXGroup;
			children = (
				37E32B1C2A2B64CF006F6582 /* View */,
				37E32B1B2A2B64BB006F6582 /* ViewModel */,
				37E32B1A2A2B64AA006F6582 /* Model */,
				37E32B0C2A2B61ED006F6582 /* Local_BrandsApp.swift */,
				37E32B102A2B61EE006F6582 /* Assets.xcassets */,
				37E32B122A2B61EE006F6582 /* Preview Content */,
			);
			path = Local_Brands;
			sourceTree = "<group>";
		};
		37E32B122A2B61EE006F6582 /* Preview Content */ = {
			isa = PBXGroup;
			children = (
				37E32B132A2B61EE006F6582 /* Preview Assets.xcassets */,
			);
			path = "Preview Content";
			sourceTree = "<group>";
		};
		37E32B1A2A2B64AA006F6582 /* Model */ = {
			isa = PBXGroup;
			children = (
				37E32B332A2B65D7006F6582 /* Post.swift */,
			);
			path = Model;
			sourceTree = "<group>";
		};
		37E32B1B2A2B64BB006F6582 /* ViewModel */ = {
			isa = PBXGroup;
			children = (
				37E32B352A2B65ED006F6582 /* PostViewModel.swift */,
			);
			path = ViewModel;
			sourceTree = "<group>";
		};
		37E32B1C2A2B64CF006F6582 /* View */ = {
			isa = PBXGroup;
			children = (
				37E32B0E2A2B61ED006F6582 /* ContentView.swift */,
				37E32B1F2A2B6513006F6582 /* Sign in.swift */,
				37E32B212A2B6521006F6582 /* Edit.swift */,
				37E32B232A2B653B006F6582 /* ImagePicker.swift */,
				37E32B252A2B654E006F6582 /* SearchBar.swift */,
				37E32B272A2B6567006F6582 /* ProfileHeader.swift */,
				37E32B292A2B6572006F6582 /* PostCell.swift */,
				37E32B2B2A2B6582006F6582 /* add post.swift */,
				37E32B2D2A2B658C006F6582 /* share.swift */,
				37E32B2F2A2B65A4006F6582 /* See More Details.swift */,
				37E32B312A2B65B2006F6582 /* button camera.swift */,
			);
			path = View;
			sourceTree = "<group>";
		};
/* End PBXGroup section */

/* Begin PBXNativeTarget section */
		37E32B082A2B61ED006F6582 /* Local_Brands */ = {
			isa = PBXNativeTarget;
			buildConfigurationList = 37E32B172A2B61EE006F6582 /* Build configuration list for PBXNativeTarget "Local_Brands" */;
			buildPhases = (
				37E32B052A2B61ED006F6582 /* Sources */,
				37E32B062A2B61ED006F6582 /* Frameworks */,
				37E32B072A2B61ED006F6582 /* Resources */,
			);
			buildRules = (
			);
			dependencies = (
			);
			name = Local_Brands;
			packageProductDependencies = (
				37E32B382A2B676A006F6582 /* ASCollectionView */,
			);
			productName = Local_Brands;
			productReference = 37E32B092A2B61ED006F6582 /* Local_Brands.app */;
			productType = "com.apple.product-type.application";
		};
/* End PBXNativeTarget section */

/* Begin PBXProject section */
		37E32B012A2B61ED006F6582 /* Project object */ = {
			isa = PBXProject;
			attributes = {
				BuildIndependentTargetsInParallel = 1;
				LastSwiftUpdateCheck = 1420;
				LastUpgradeCheck = 1420;
				TargetAttributes = {
					37E32B082A2B61ED006F6582 = {
						CreatedOnToolsVersion = 14.2;
					};
				};
			};
			buildConfigurationList = 37E32B042A2B61ED006F6582 /* Build configuration list for PBXProject "Local_Brands" */;
			compatibilityVersion = "Xcode 14.0";
			developmentRegion = en;
			hasScannedForEncodings = 0;
			knownRegions = (
				en,
				Base,
			);
			mainGroup = 37E32B002A2B61ED006F6582;
			packageReferences = (
				37E32B372A2B676A006F6582 /* XCRemoteSwiftPackageReference "ASCollectionView" */,
			);
			productRefGroup = 37E32B0A2A2B61ED006F6582 /* Products */;
			projectDirPath = "";
			projectRoot = "";
			targets = (
				37E32B082A2B61ED006F6582 /* Local_Brands */,
			);
		};
/* End PBXProject section */

/* Begin PBXResourcesBuildPhase section */
		37E32B072A2B61ED006F6582 /* Resources */ = {
			isa = PBXResourcesBuildPhase;
			buildActionMask = 2147483647;
			files = (
				37E32B142A2B61EE006F6582 /* Preview Assets.xcassets in Resources */,
				37E32B112A2B61EE006F6582 /* Assets.xcassets in Resources */,
			);
			runOnlyForDeploymentPostprocessing = 0;
		};
/* End PBXResourcesBuildPhase section */

/* Begin PBXSourcesBuildPhase section */
		37E32B052A2B61ED006F6582 /* Sources */ = {
			isa = PBXSourcesBuildPhase;
			buildActionMask = 2147483647;
			files = (
				37E32B362A2B65ED006F6582 /* PostViewModel.swift in Sources */,
				37E32B282A2B6567006F6582 /* ProfileHeader.swift in Sources */,
				37E32B262A2B654E006F6582 /* SearchBar.swift in Sources */,
				37E32B2C2A2B6582006F6582 /* add post.swift in Sources */,
				37E32B202A2B6513006F6582 /* Sign in.swift in Sources */,
				37E32B322A2B65B2006F6582 /* button camera.swift in Sources */,
				37E32B342A2B65D7006F6582 /* Post.swift in Sources */,
				37E32B0F2A2B61ED006F6582 /* ContentView.swift in Sources */,
				37E32B2A2A2B6572006F6582 /* PostCell.swift in Sources */,
				37E32B302A2B65A4006F6582 /* See More Details.swift in Sources */,
				37E32B2E2A2B658C006F6582 /* share.swift in Sources */,
				37E32B242A2B653B006F6582 /* ImagePicker.swift in Sources */,
				37E32B222A2B6521006F6582 /* Edit.swift in Sources */,
				37E32B0D2A2B61ED006F6582 /* Local_BrandsApp.swift in Sources */,
			);
			runOnlyForDeploymentPostprocessing = 0;
		};
/* End PBXSourcesBuildPhase section */

/* Begin XCBuildConfiguration section */
		37E32B152A2B61EE006F6582 /* Debug */ = {
			isa = XCBuildConfiguration;
			buildSettings = {
				ALWAYS_SEARCH_USER_PATHS = NO;
				CLANG_ANALYZER_NONNULL = YES;
				CLANG_ANALYZER_NUMBER_OBJECT_CONVERSION = YES_AGGRESSIVE;
				CLANG_CXX_LANGUAGE_STANDARD = "gnu++20";
				CLANG_ENABLE_MODULES = YES;
				CLANG_ENABLE_OBJC_ARC = YES;
				CLANG_ENABLE_OBJC_WEAK = YES;
				CLANG_WARN_BLOCK_CAPTURE_AUTORELEASING = YES;
				CLANG_WARN_BOOL_CONVERSION = YES;
				CLANG_WARN_COMMA = YES;
				CLANG_WARN_CONSTANT_CONVERSION = YES;
				CLANG_WARN_DEPRECATED_OBJC_IMPLEMENTATIONS = YES;
				CLANG_WARN_DIRECT_OBJC_ISA_USAGE = YES_ERROR;
				CLANG_WARN_DOCUMENTATION_COMMENTS = YES;
				CLANG_WARN_EMPTY_BODY = YES;
				CLANG_WARN_ENUM_CONVERSION = YES;
				CLANG_WARN_INFINITE_RECURSION = YES;
				CLANG_WARN_INT_CONVERSION = YES;
				CLANG_WARN_NON_LITERAL_NULL_CONVERSION = YES;
				CLANG_WARN_OBJC_IMPLICIT_RETAIN_SELF = YES;
				CLANG_WARN_OBJC_LITERAL_CONVERSION = YES;
				CLANG_WARN_OBJC_ROOT_CLASS = YES_ERROR;
				CLANG_WARN_QUOTED_INCLUDE_IN_FRAMEWORK_HEADER = YES;
				CLANG_WARN_RANGE_LOOP_ANALYSIS = YES;
				CLANG_WARN_STRICT_PROTOTYPES = YES;
				CLANG_WARN_SUSPICIOUS_MOVE = YES;
				CLANG_WARN_UNGUARDED_AVAILABILITY = YES_AGGRESSIVE;
				CLANG_WARN_UNREACHABLE_CODE = YES;
				CLANG_WARN__DUPLICATE_METHOD_MATCH = YES;
				COPY_PHASE_STRIP = NO;
				DEBUG_INFORMATION_FORMAT = dwarf;
				ENABLE_STRICT_OBJC_MSGSEND = YES;
				ENABLE_TESTABILITY = YES;
				GCC_C_LANGUAGE_STANDARD = gnu11;
				GCC_DYNAMIC_NO_PIC = NO;
				GCC_NO_COMMON_BLOCKS = YES;
				GCC_OPTIMIZATION_LEVEL = 0;
				GCC_PREPROCESSOR_DEFINITIONS = (
					"DEBUG=1",
					"$(inherited)",
				);
				GCC_WARN_64_TO_32_BIT_CONVERSION = YES;
				GCC_WARN_ABOUT_RETURN_TYPE = YES_ERROR;
				GCC_WARN_UNDECLARED_SELECTOR = YES;
				GCC_WARN_UNINITIALIZED_AUTOS = YES_AGGRESSIVE;
				GCC_WARN_UNUSED_FUNCTION = YES;
				GCC_WARN_UNUSED_VARIABLE = YES;
				IPHONEOS_DEPLOYMENT_TARGET = 16.2;
				MTL_ENABLE_DEBUG_INFO = INCLUDE_SOURCE;
				MTL_FAST_MATH = YES;
				ONLY_ACTIVE_ARCH = YES;
				SDKROOT = iphoneos;
				SWIFT_ACTIVE_COMPILATION_CONDITIONS = DEBUG;
				SWIFT_OPTIMIZATION_LEVEL = "-Onone";
			};
			name = Debug;
		};
		37E32B162A2B61EE006F6582 /* Release */ = {
			isa = XCBuildConfiguration;
			buildSettings = {
				ALWAYS_SEARCH_USER_PATHS = NO;
				CLANG_ANALYZER_NONNULL = YES;
				CLANG_ANALYZER_NUMBER_OBJECT_CONVERSION = YES_AGGRESSIVE;
				CLANG_CXX_LANGUAGE_STANDARD = "gnu++20";
				CLANG_ENABLE_MODULES = YES;
				CLANG_ENABLE_OBJC_ARC = YES;
				CLANG_ENABLE_OBJC_WEAK = YES;
				CLANG_WARN_BLOCK_CAPTURE_AUTORELEASING = YES;
				CLANG_WARN_BOOL_CONVERSION = YES;
				CLANG_WARN_COMMA = YES;
				CLANG_WARN_CONSTANT_CONVERSION = YES;
				CLANG_WARN_DEPRECATED_OBJC_IMPLEMENTATIONS = YES;
				CLANG_WARN_DIRECT_OBJC_ISA_USAGE = YES_ERROR;
				CLANG_WARN_DOCUMENTATION_COMMENTS = YES;
				CLANG_WARN_EMPTY_BODY = YES;
				CLANG_WARN_ENUM_CONVERSION = YES;
				CLANG_WARN_INFINITE_RECURSION = YES;
				CLANG_WARN_INT_CONVERSION = YES;
				CLANG_WARN_NON_LITERAL_NULL_CONVERSION = YES;
				CLANG_WARN_OBJC_IMPLICIT_RETAIN_SELF = YES;
				CLANG_WARN_OBJC_LITERAL_CONVERSION = YES;
				CLANG_WARN_OBJC_ROOT_CLASS = YES_ERROR;
				CLANG_WARN_QUOTED_INCLUDE_IN_FRAMEWORK_HEADER = YES;
				CLANG_WARN_RANGE_LOOP_ANALYSIS = YES;
				CLANG_WARN_STRICT_PROTOTYPES = YES;
				CLANG_WARN_SUSPICIOUS_MOVE = YES;
				CLANG_WARN_UNGUARDED_AVAILABILITY = YES_AGGRESSIVE;
				CLANG_WARN_UNREACHABLE_CODE = YES;
				CLANG_WARN__DUPLICATE_METHOD_MATCH = YES;
				COPY_PHASE_STRIP = NO;
				DEBUG_INFORMATION_FORMAT = "dwarf-with-dsym";
				ENABLE_NS_ASSERTIONS = NO;
				ENABLE_STRICT_OBJC_MSGSEND = YES;
				GCC_C_LANGUAGE_STANDARD = gnu11;
				GCC_NO_COMMON_BLOCKS = YES;
				GCC_WARN_64_TO_32_BIT_CONVERSION = YES;
				GCC_WARN_ABOUT_RETURN_TYPE = YES_ERROR;
				GCC_WARN_UNDECLARED_SELECTOR = YES;
				GCC_WARN_UNINITIALIZED_AUTOS = YES_AGGRESSIVE;
				GCC_WARN_UNUSED_FUNCTION = YES;
				GCC_WARN_UNUSED_VARIABLE = YES;
				IPHONEOS_DEPLOYMENT_TARGET = 16.2;
				MTL_ENABLE_DEBUG_INFO = NO;
				MTL_FAST_MATH = YES;
				SDKROOT = iphoneos;
				SWIFT_COMPILATION_MODE = wholemodule;
				SWIFT_OPTIMIZATION_LEVEL = "-O";
				VALIDATE_PRODUCT = YES;
			};
			name = Release;
		};
		37E32B182A2B61EE006F6582 /* Debug */ = {
			isa = XCBuildConfiguration;
			buildSettings = {
				ASSETCATALOG_COMPILER_APPICON_NAME = AppIcon;
				ASSETCATALOG_COMPILER_GLOBAL_ACCENT_COLOR_NAME = AccentColor;
				CODE_SIGN_STYLE = Automatic;
				CURRENT_PROJECT_VERSION = 1;
				DEVELOPMENT_ASSET_PATHS = "\"Local_Brands/Preview Content\"";
				DEVELOPMENT_TEAM = B7M43CRZYR;
				ENABLE_PREVIEWS = YES;
				GENERATE_INFOPLIST_FILE = YES;
				INFOPLIST_KEY_UIApplicationSceneManifest_Generation = YES;
				INFOPLIST_KEY_UIApplicationSupportsIndirectInputEvents = YES;
				INFOPLIST_KEY_UILaunchScreen_Generation = YES;
				INFOPLIST_KEY_UISupportedInterfaceOrientations_iPad = "UIInterfaceOrientationPortrait UIInterfaceOrientationPortraitUpsideDown UIInterfaceOrientationLandscapeLeft UIInterfaceOrientationLandscapeRight";
				INFOPLIST_KEY_UISupportedInterfaceOrientations_iPhone = "UIInterfaceOrientationPortrait UIInterfaceOrientationLandscapeLeft UIInterfaceOrientationLandscapeRight";
				LD_RUNPATH_SEARCH_PATHS = (
					"$(inherited)",
					"@executable_path/Frameworks",
				);
				MARKETING_VERSION = 1.0;
				PRODUCT_BUNDLE_IDENTIFIER = "apple.Local-Brands";
				PRODUCT_NAME = "$(TARGET_NAME)";
				SWIFT_EMIT_LOC_STRINGS = YES;
				SWIFT_VERSION = 5.0;
				TARGETED_DEVICE_FAMILY = "1,2";
			};
			name = Debug;
		};
		37E32B192A2B61EE006F6582 /* Release */ = {
			isa = XCBuildConfiguration;
			buildSettings = {
				ASSETCATALOG_COMPILER_APPICON_NAME = AppIcon;
				ASSETCATALOG_COMPILER_GLOBAL_ACCENT_COLOR_NAME = AccentColor;
				CODE_SIGN_STYLE = Automatic;
				CURRENT_PROJECT_VERSION = 1;
				DEVELOPMENT_ASSET_PATHS = "\"Local_Brands/Preview Content\"";
				DEVELOPMENT_TEAM = B7M43CRZYR;
				ENABLE_PREVIEWS = YES;
				GENERATE_INFOPLIST_FILE = YES;
				INFOPLIST_KEY_UIApplicationSceneManifest_Generation = YES;
				INFOPLIST_KEY_UIApplicationSupportsIndirectInputEvents = YES;
				INFOPLIST_KEY_UILaunchScreen_Generation = YES;
				INFOPLIST_KEY_UISupportedInterfaceOrientations_iPad = "UIInterfaceOrientationPortrait UIInterfaceOrientationPortraitUpsideDown UIInterfaceOrientationLandscapeLeft UIInterfaceOrientationLandscapeRight";
				INFOPLIST_KEY_UISupportedInterfaceOrientations_iPhone = "UIInterfaceOrientationPortrait UIInterfaceOrientationLandscapeLeft UIInterfaceOrientationLandscapeRight";
				LD_RUNPATH_SEARCH_PATHS = (
					"$(inherited)",
					"@executable_path/Frameworks",
				);
				MARKETING_VERSION = 1.0;
				PRODUCT_BUNDLE_IDENTIFIER = "apple.Local-Brands";
				PRODUCT_NAME = "$(TARGET_NAME)";
				SWIFT_EMIT_LOC_STRINGS = YES;
				SWIFT_VERSION = 5.0;
				TARGETED_DEVICE_FAMILY = "1,2";
			};
			name = Release;
		};
/* End XCBuildConfiguration section */

/* Begin XCConfigurationList section */
		37E32B042A2B61ED006F6582 /* Build configuration list for PBXProject "Local_Brands" */ = {
			isa = XCConfigurationList;
			buildConfigurations = (
				37E32B152A2B61EE006F6582 /* Debug */,
				37E32B162A2B61EE006F6582 /* Release */,
			);
			defaultConfigurationIsVisible = 0;
			defaultConfigurationName = Release;
		};
		37E32B172A2B61EE006F6582 /* Build configuration list for PBXNativeTarget "Local_Brands" */ = {
			isa = XCConfigurationList;
			buildConfigurations = (
				37E32B182A2B61EE006F6582 /* Debug */,
				37E32B192A2B61EE006F6582 /* Release */,
			);
			defaultConfigurationIsVisible = 0;
			defaultConfigurationName = Release;
		};
/* End XCConfigurationList section */

/* Begin XCRemoteSwiftPackageReference section */
		37E32B372A2B676A006F6582 /* XCRemoteSwiftPackageReference "ASCollectionView" */ = {
			isa = XCRemoteSwiftPackageReference;
			repositoryURL = "https://github.com/apptekstudios/ASCollectionView.git";
			requirement = {
				branch = master;
				kind = branch;
			};
		};
/* End XCRemoteSwiftPackageReference section */

/* Begin XCSwiftPackageProductDependency section */
		37E32B382A2B676A006F6582 /* ASCollectionView */ = {
			isa = XCSwiftPackageProductDependency;
			package = 37E32B372A2B676A006F6582 /* XCRemoteSwiftPackageReference "ASCollectionView" */;
			productName = ASCollectionView;
		};
/* End XCSwiftPackageProductDependency section */
	};
	rootObject = 37E32B012A2B61ED006F6582 /* Project object */;
}
